
Microsoft Visual Studio Solution File, Format Version 12.00
# Visual Studio Version 17
VisualStudioVersion = 17.9.34701.34
MinimumVisualStudioVersion = 10.0.40219.1
Project("{FAE04EC0-301F-11D3-BF4B-00C04F79EFBC}") = "LegoDatabase", "LegoDatabase.csproj", "{97FACDE6-4405-48C9-9EDE-3DAD575F08EE}"
EndProject
Global
	GlobalSection(SolutionConfigurationPlatforms) = preSolution
		Debug|Any CPU = Debug|Any CPU
		Release|Any CPU = Release|Any CPU
	EndGlobalSection
	GlobalSection(ProjectConfigurationPlatforms) = postSolution
		{97FACDE6-4405-48C9-9EDE-3DAD575F08EE}.Debug|Any CPU.ActiveCfg = Debug|Any CPU
		{97FACDE6-4405-48C9-9EDE-3DAD575F08EE}.Debug|Any CPU.Build.0 = Debug|Any CPU
		{97FACDE6-4405-48C9-9EDE-3DAD575F08EE}.Release|Any CPU.ActiveCfg = Release|Any CPU
		{97FACDE6-4405-48C9-9EDE-3DAD575F08EE}.Release|Any CPU.Build.0 = Release|Any CPU
	EndGlobalSection
	GlobalSection(SolutionProperties) = preSolution
		HideSolutionNode = FALSE
	EndGlobalSection
	GlobalSection(ExtensibilityGlobals) = postSolution
		SolutionGuid = {0C27B83C-1DCB-4543-9529-EE9A139FBB73}
	EndGlobalSection
EndGlobal
